
Microsoft Visual Studio Solution File, Format Version 12.00
# Visual Studio Version 17
VisualStudioVersion = 17.3.32825.248
MinimumVisualStudioVersion = 10.0.40219.1
Project("{9A19103F-16F7-4668-BE54-9A1E7A4F7556}") = "WebApi", "WebApplication\WebApi.csproj", "{819001C0-016F-4530-AF85-59F4A1EB36F6}"
EndProject
Project("{9A19103F-16F7-4668-BE54-9A1E7A4F7556}") = "WorkerService", "WorkerService\WorkerService.csproj", "{057AF0E4-8003-4A16-9A80-91D85AD24DB1}"
EndProject
Project("{9A19103F-16F7-4668-BE54-9A1E7A4F7556}") = "Shared", "Shared\Shared.csproj", "{23909BC2-DE90-4688-9938-6B1630596494}"
EndProject
Project("{2150E333-8FDC-42A3-9474-1A3956D46DE8}") = "Solution Items", "Solution Items", "{289DCC0F-FC6B-4B67-A810-BEEBADB29FF4}"
	ProjectSection(SolutionItems) = preProject
		ReadMe.txt = ReadMe.txt
	EndProjectSection
EndProject
Global
	GlobalSection(SolutionConfigurationPlatforms) = preSolution
		Debug|Any CPU = Debug|Any CPU
		Release|Any CPU = Release|Any CPU
	EndGlobalSection
	GlobalSection(ProjectConfigurationPlatforms) = postSolution
		{819001C0-016F-4530-AF85-59F4A1EB36F6}.Debug|Any CPU.ActiveCfg = Debug|Any CPU
		{819001C0-016F-4530-AF85-59F4A1EB36F6}.Debug|Any CPU.Build.0 = Debug|Any CPU
		{819001C0-016F-4530-AF85-59F4A1EB36F6}.Release|Any CPU.ActiveCfg = Release|Any CPU
		{819001C0-016F-4530-AF85-59F4A1EB36F6}.Release|Any CPU.Build.0 = Release|Any CPU
		{057AF0E4-8003-4A16-9A80-91D85AD24DB1}.Debug|Any CPU.ActiveCfg = Debug|Any CPU
		{057AF0E4-8003-4A16-9A80-91D85AD24DB1}.Debug|Any CPU.Build.0 = Debug|Any CPU
		{057AF0E4-8003-4A16-9A80-91D85AD24DB1}.Release|Any CPU.ActiveCfg = Release|Any CPU
		{057AF0E4-8003-4A16-9A80-91D85AD24DB1}.Release|Any CPU.Build.0 = Release|Any CPU
		{23909BC2-DE90-4688-9938-6B1630596494}.Debug|Any CPU.ActiveCfg = Debug|Any CPU
		{23909BC2-DE90-4688-9938-6B1630596494}.Debug|Any CPU.Build.0 = Debug|Any CPU
		{23909BC2-DE90-4688-9938-6B1630596494}.Release|Any CPU.ActiveCfg = Release|Any CPU
		{23909BC2-DE90-4688-9938-6B1630596494}.Release|Any CPU.Build.0 = Release|Any CPU
	EndGlobalSection
	GlobalSection(SolutionProperties) = preSolution
		HideSolutionNode = FALSE
	EndGlobalSection
	GlobalSection(ExtensibilityGlobals) = postSolution
		SolutionGuid = {756F8149-079C-467F-B5AD-8585AEAA696A}
	EndGlobalSection
EndGlobal
